
Microsoft Visual Studio Solution File, Format Version 12.00
# Visual Studio Version 16
VisualStudioVersion = 16.0.28417.167
MinimumVisualStudioVersion = 10.0.40219.1
Project("{9A19103F-16F7-4668-BE54-9A1E7A4F7556}") = "AutoCodeFix.ProjectReader", "src\AutoCodeFix.ProjectReader\AutoCodeFix.ProjectReader.csproj", "{B83184E2-5D3E-48BA-AC9E-0A1EF131A108}"
EndProject
Project("{9A19103F-16F7-4668-BE54-9A1E7A4F7556}") = "AutoCodeFix.Tasks", "src\AutoCodeFix.Tasks\AutoCodeFix.Tasks.csproj", "{135CD01C-AC26-4FA4-99AD-B490AFA8B062}"
EndProject
Project("{2150E333-8FDC-42A3-9474-1A3956D46DE8}") = "Solution Items", "Solution Items", "{3836DA4E-9300-4587-8C82-0399EB7350D1}"
	ProjectSection(SolutionItems) = preProject
		azure-pipelines.yml = azure-pipelines.yml
		src\Directory.Build.props = src\Directory.Build.props
		src\Directory.Build.targets = src\Directory.Build.targets
		src\global.json = src\global.json
		NuGet.Config = NuGet.Config
		src\Packages.props = src\Packages.props
		README.md = README.md
		src\VERSION = src\VERSION
		src\Version.targets = src\Version.targets
	EndProjectSection
EndProject
Project("{9A19103F-16F7-4668-BE54-9A1E7A4F7556}") = "AutoCodeFix.Tests", "src\AutoCodeFix.Tests\AutoCodeFix.Tests.csproj", "{7B3F4E2F-3B9D-46B3-A3E8-46194CC61B73}"
EndProject
Project("{2150E333-8FDC-42A3-9474-1A3956D46DE8}") = "Gherkinator", "Gherkinator", "{45AD3328-A714-4CE9-B47D-7097D7676283}"
	ProjectSection(SolutionItems) = preProject
		external\Gherkinator\src\Directory.Build.props = external\Gherkinator\src\Directory.Build.props
		external\Gherkinator\src\Directory.Build.targets = external\Gherkinator\src\Directory.Build.targets
	EndProjectSection
EndProject
Project("{9A19103F-16F7-4668-BE54-9A1E7A4F7556}") = "Gherkinator", "external\Gherkinator\src\Gherkinator\Gherkinator.csproj", "{C4E88EF7-9B83-40C0-B085-90D18FF3A7D8}"
EndProject
Project("{13B669BE-BB05-4DDF-9536-439F39A36129}") = "AutoCodeFix.Package", "src\AutoCodeFix.Package\AutoCodeFix.Package.msbuildproj", "{13956D6F-A714-4E60-9D17-656ADC02C851}"
EndProject
Project("{9A19103F-16F7-4668-BE54-9A1E7A4F7556}") = "Gherkinator.Build", "external\Gherkinator\src\Gherkinator.Build\Gherkinator.Build.csproj", "{53E3D3A1-E86F-45FE-B06E-5D10EBE589E9}"
EndProject
Global
	GlobalSection(SolutionConfigurationPlatforms) = preSolution
		Debug|Any CPU = Debug|Any CPU
		Release|Any CPU = Release|Any CPU
	EndGlobalSection
	GlobalSection(ProjectConfigurationPlatforms) = postSolution
		{B83184E2-5D3E-48BA-AC9E-0A1EF131A108}.Debug|Any CPU.ActiveCfg = Debug|Any CPU
		{B83184E2-5D3E-48BA-AC9E-0A1EF131A108}.Debug|Any CPU.Build.0 = Debug|Any CPU
		{B83184E2-5D3E-48BA-AC9E-0A1EF131A108}.Release|Any CPU.ActiveCfg = Release|Any CPU
		{B83184E2-5D3E-48BA-AC9E-0A1EF131A108}.Release|Any CPU.Build.0 = Release|Any CPU
		{135CD01C-AC26-4FA4-99AD-B490AFA8B062}.Debug|Any CPU.ActiveCfg = Debug|Any CPU
		{135CD01C-AC26-4FA4-99AD-B490AFA8B062}.Debug|Any CPU.Build.0 = Debug|Any CPU
		{135CD01C-AC26-4FA4-99AD-B490AFA8B062}.Release|Any CPU.ActiveCfg = Release|Any CPU
		{135CD01C-AC26-4FA4-99AD-B490AFA8B062}.Release|Any CPU.Build.0 = Release|Any CPU
		{7B3F4E2F-3B9D-46B3-A3E8-46194CC61B73}.Debug|Any CPU.ActiveCfg = Debug|Any CPU
		{7B3F4E2F-3B9D-46B3-A3E8-46194CC61B73}.Debug|Any CPU.Build.0 = Debug|Any CPU
		{7B3F4E2F-3B9D-46B3-A3E8-46194CC61B73}.Release|Any CPU.ActiveCfg = Release|Any CPU
		{7B3F4E2F-3B9D-46B3-A3E8-46194CC61B73}.Release|Any CPU.Build.0 = Release|Any CPU
		{C4E88EF7-9B83-40C0-B085-90D18FF3A7D8}.Debug|Any CPU.ActiveCfg = Debug|Any CPU
		{C4E88EF7-9B83-40C0-B085-90D18FF3A7D8}.Debug|Any CPU.Build.0 = Debug|Any CPU
		{C4E88EF7-9B83-40C0-B085-90D18FF3A7D8}.Release|Any CPU.ActiveCfg = Release|Any CPU
		{C4E88EF7-9B83-40C0-B085-90D18FF3A7D8}.Release|Any CPU.Build.0 = Release|Any CPU
		{13956D6F-A714-4E60-9D17-656ADC02C851}.Debug|Any CPU.ActiveCfg = Debug|Any CPU
		{13956D6F-A714-4E60-9D17-656ADC02C851}.Debug|Any CPU.Build.0 = Debug|Any CPU
		{13956D6F-A714-4E60-9D17-656ADC02C851}.Release|Any CPU.ActiveCfg = Release|Any CPU
		{13956D6F-A714-4E60-9D17-656ADC02C851}.Release|Any CPU.Build.0 = Release|Any CPU
		{53E3D3A1-E86F-45FE-B06E-5D10EBE589E9}.Debug|Any CPU.ActiveCfg = Debug|Any CPU
		{53E3D3A1-E86F-45FE-B06E-5D10EBE589E9}.Debug|Any CPU.Build.0 = Debug|Any CPU
		{53E3D3A1-E86F-45FE-B06E-5D10EBE589E9}.Release|Any CPU.ActiveCfg = Release|Any CPU
		{53E3D3A1-E86F-45FE-B06E-5D10EBE589E9}.Release|Any CPU.Build.0 = Release|Any CPU
	EndGlobalSection
	GlobalSection(SolutionProperties) = preSolution
		HideSolutionNode = FALSE
	EndGlobalSection
	GlobalSection(NestedProjects) = preSolution
		{C4E88EF7-9B83-40C0-B085-90D18FF3A7D8} = {45AD3328-A714-4CE9-B47D-7097D7676283}
		{53E3D3A1-E86F-45FE-B06E-5D10EBE589E9} = {45AD3328-A714-4CE9-B47D-7097D7676283}
	EndGlobalSection
	GlobalSection(ExtensibilityGlobals) = postSolution
		SolutionGuid = {0D057138-81AC-4232-B280-867A24BA4E13}
	EndGlobalSection
EndGlobal
